
Microsoft Visual Studio Solution File, Format Version 12.00
# Visual Studio Version 16
VisualStudioVersion = 16.0.31729.503
MinimumVisualStudioVersion = 10.0.40219.1
Project("{FAE04EC0-301F-11D3-BF4B-00C04F79EFBC}") = "Students", "Students\Students.csproj", "{B969A54D-F773-444E-A425-26193749F87A}"
EndProject
Global
	GlobalSection(SolutionConfigurationPlatforms) = preSolution
		Debug|Any CPU = Debug|Any CPU
		Release|Any CPU = Release|Any CPU
	EndGlobalSection
	GlobalSection(ProjectConfigurationPlatforms) = postSolution
		{B969A54D-F773-444E-A425-26193749F87A}.Debug|Any CPU.ActiveCfg = Debug|Any CPU
		{B969A54D-F773-444E-A425-26193749F87A}.Debug|Any CPU.Build.0 = Debug|Any CPU
		{B969A54D-F773-444E-A425-26193749F87A}.Release|Any CPU.ActiveCfg = Release|Any CPU
		{B969A54D-F773-444E-A425-26193749F87A}.Release|Any CPU.Build.0 = Release|Any CPU
	EndGlobalSection
	GlobalSection(SolutionProperties) = preSolution
		HideSolutionNode = FALSE
	EndGlobalSection
	GlobalSection(ExtensibilityGlobals) = postSolution
		SolutionGuid = {BFFF3453-EAC1-4DB8-9A65-D5EF776BC96A}
	EndGlobalSection
EndGlobal
